{
    "_meta": {
        "hash": {
            "sha256": "2a236e46a87fa4874f5e5e3b47e0e5f395107afe3449b2e3297c4872caf7dcaf"
        },
        "pipfile-spec": 6,
        "requires": {
            "python_version": "3.6"
        },
        "sources": [
            {
                "name": "pypi",
                "url": "https://pypi.python.org/simple",
                "verify_ssl": true
            }
        ]
    },
    "default": {
        "aiohttp": {
            "hashes": [
                "sha256:085fa92d2995a1208a60018e15d8690228f3e2f028c93a25246be73e4ccf4db1",
                "sha256:0c1b1152525b93555c5ac4cdc488b78a3eb1b1121c43f7982920129dc3909379",
                "sha256:10435eceb05bc01999c9710764e8cb3c2321fe6f62e1c3bbc9223069ceda84af",
                "sha256:14c07f3de64df4307f8247397a24e8c4f1dc22f50452857409d58f9757faf4c1",
                "sha256:197104c018048082cce2c617a742cb673a2046ae58b305f84435c467cce71423",
                "sha256:308dbf8c562526ee6654acd190561fcce5d7724abd25219e6c0bdca75c875fc4",
                "sha256:39af9e3f9f805b187473a8b936a5616576d753358f2a223ff0990fe974cf72b1",
                "sha256:4c650bc43e371bb9df8a61a64b84c0c17b6af81addb54c246f01eba3826178b2",
                "sha256:4fa79cbf74099d835a666b8918a25693f23e630a88ce4c4c60b82688029639d7",
                "sha256:636f89e534cd68a9e223927506dd3e839410ae20f357dd3680b384f5a537f7e3",
                "sha256:866afe4be97cf196c702d52cbcc4226ff503d78e922c5a04a8d64d447978dec1",
                "sha256:92c19a5e609bd24a6451d614676e37c2e38968ec9df69d10b482e70d61ea486f",
                "sha256:9b182c0f1e30cd57a2d3e554c923fae6024535bd982a6d71fc2512efe4b9d1b2",
                "sha256:ab2859e0f41ab1e2c63a6c9ff564b588dae2ff297f1dfcce045ea7b7287707cb",
                "sha256:b55ff305c50c224c31d9286d56546ed39c518c777eda26227e671fbefe600471",
                "sha256:c599c7df78b776e1796beb106c4f2370e5e29f67cdc507256424ee015df29216",
                "sha256:d5853be2893ab4080c462a393c561112d5101de4d765d5fed7d02341618f9afa",
                "sha256:db77132460ef34e96cdd20129424d4f953dc06568fd2ebb474c9000e5443e8d2",
                "sha256:f20df358f4994482a2c47cb8a523a130bdf5598e5759167032029b94c45bcf27",
                "sha256:fe68f893d7ade7e8d3600f32678f0c306ae9de744e9515b8baa5d3192b28e0a0",
                "sha256:fe99213170012571b5cf920c00eba029e2da960dc94a297acdfbd4f1030613d3",
                "sha256:ff69734e2b8e2b81a3a8cf2bee38b3eef0c370399e209812f8e1e590b4ba234a"
            ],
            "index": "pypi",
            "version": "==3.4.0a0"
        },
        "async-timeout": {
            "hashes": [
                "sha256:474d4bc64cee20603e225eb1ece15e248962958b45a3648a9f5cc29e827a610c",
                "sha256:b3c0ddc416736619bd4a95ca31de8da6920c3b9a140c64dbef2b2fa7bf521287"
            ],
            "version": "==3.0.0"
        },
        "attrs": {
            "hashes": [
                "sha256:4b90b09eeeb9b88c35bc642cbac057e45a5fd85367b985bd2809c62b7b939265",
                "sha256:e0d0eb91441a3b53dab4d9b743eafc1ac44476296a2053b6ca3af0b139faf87b"
            ],
            "version": "==18.1.0"
        },
        "chardet": {
            "hashes": [
                "sha256:84ab92ed1c4d4f16916e05906b6b75a6c0fb5db821cc65e70cbd64a3e2a5eaae",
                "sha256:fc323ffcaeaed0e0a02bf4d117757b98aed530d9ed4531e3e15460124c106691"
            ],
            "version": "==3.0.4"
        },
        "discord.py": {
            "git": "https://github.com/Rapptz/discord.py",
            "ref": "8ccb98d395537b1c9acc187e1647dfdd07bb831b"
        },
        "idna": {
            "hashes": [
                "sha256:156a6814fb5ac1fc6850fb002e0852d56c0c8d2531923a51032d1b70760e186e",
                "sha256:684a38a6f903c1d71d6d5fac066b58d7768af4de2b832e426ec79c30daa94a16"
            ],
            "version": "==2.7"
        },
        "idna-ssl": {
            "hashes": [
                "sha256:a933e3bb13da54383f9e8f35dc4f9cb9eb9b3b78c6b36f311254d6d0d92c6c7c"
            ],
            "markers": "python_version < '3.7'",
            "version": "==1.1.0"
        },
        "multidict": {
            "hashes": [
                "sha256:0a80c2c5995e4034f87ba75c57abdb9b20779256452c70d46004c66f53894fbb",
                "sha256:28187d53b6104829fc64db9290ce99442d78a7d998e8623c3fedc01c309f6c54",
                "sha256:29070a9744be9438dea43a23f7a9121432776beb324269fcb9951045c98c41db",
                "sha256:4365ce950cd55316b3818b312b178ba914391146b29adecf1e61a67991755f97",
                "sha256:4715c33178d474b932fb130912fd69173b1392c1bbac57e5a8581a2bdd614d90",
                "sha256:4c4d6856caa43fa6504bc85960a64e3b7657c3f9c5b572a310ed8a2ca5149210",
                "sha256:5f2959f6aee1a40160a83c8008d798e6f79b3f934ae29a043575d40b797b2471",
                "sha256:60a223bbf27a26961a6a93237545cfab87449514769738daf611d99ce429f443",
                "sha256:65f782c4e51cba9cb2442c7f04554e19fc5571c83b0d357ee2c922208de1a49f",
                "sha256:76f48713a05850d3689a4f224ab8fd96bf1b9fd4142d03d6ab7cb309cb209e92",
                "sha256:80afaa73845a5ce3b88e9b1d2d214877ef416e55af3948456357bd3c4b3704e4",
                "sha256:8651b1232b89ae6d895c2c53e741a198b4f42f068345fd6094008a2ba95844a2",
                "sha256:8bb04be39ac6697eef6ba36074bde0d6f3e306669a0390e449f36d4706c5cc98",
                "sha256:8c5f5208369e0d9eb825f4c06216529296cb255de4c2896924a8ab69a826a983",
                "sha256:a5cebb878838ada91d5115a29595ad5444bd4befeae9d4a0c0d3a08fcb597699",
                "sha256:a8145aea8897a6cc45bf651f38e1923765b070b9e2d9388a4f57ee08efd949da",
                "sha256:bbc8970d20c9e7df69bcb8c68bb70a90d2d44f15fb8f7704a2f89289f81982f1",
                "sha256:d3929ae6ae38573a0b0254bad5d86acda30c12ae00002bbc10fff7c2febe0800",
                "sha256:d659521afbf61f745852765e5da99883f0b2618d85136dd5011bd892fdb049ef",
                "sha256:dfe8282cde9f18aa7bed832b2dec2e13f02936a23b152ba1320755d80e60b9b7",
                "sha256:f3b578e6a52a76195fa320b1201a3261b23a48ffa6805f57ce36994d532ff930"
            ],
            "markers": "python_version >= '3.4.1'",
            "version": "==4.4.0a38"
        },
        "yarl": {
            "hashes": [
                "sha256:045dbba18c9142278113d5dc62622978a6f718ba662392d406141c59b540c514",
                "sha256:17e57a495efea42bcfca08b49e16c6d89e003acd54c99c903ea1cb3de0ba1248",
                "sha256:213e8f54b4a942532d6ac32314c69a147d3b82fa1725ca05061b7c1a19a1d9b1",
                "sha256:3353fae45d93cc3e7e41bfcb1b633acc37db821d368e660b03068dbfcf68f8c8",
                "sha256:51a084ff8756811101f8b5031a14d1c2dd26c666976e1b18579c6b1c8761a102",
                "sha256:5580f22ac1298261cd24e8e584180d83e2cca9a6167113466d2d16cb2aa1f7b1",
                "sha256:64727a2593fdba5d6ef69e94eba793a196deeda7152c7bd3a64edda6b1f95f6e",
                "sha256:6e75753065c310befab71c5077a59b7cb638d2146b1cfbb1c3b8f08b51362714",
                "sha256:7236eba4911a5556b497235828e7a4bc5d90957efa63b7c4b3e744d2d2cf1b94",
                "sha256:a69dd7e262cdb265ac7d5e929d55f2f3d07baaadd158c8f19caebf8dde08dfe8",
                "sha256:d9ca55a5a297408f08e5401c23ad22bd9f580dab899212f0d5dc1830f0909404",
                "sha256:e072edbd1c5628c0b8f97d00cf6c9fcd6a4ee2b5ded10d463fcb6eaa066cf40c",
                "sha256:e9a6a319c4bbfb57618f207e86a7c519ab0f637be3d2366e4cdac271577834b8"
            ],
            "index": "pypi",
            "version": "==1.1.1"
        }
    },
    "develop": {
        "appdirs": {
            "hashes": [
                "sha256:9e5896d1372858f8dd3344faf4e5014d21849c756c8d5701f78f8a103b372d92",
                "sha256:d8b24664561d0d34ddfaec54636d502d7cea6e29c3eaf68f3df6180863e2166e"
            ],
            "version": "==1.4.3"
        },
        "attrs": {
            "hashes": [
                "sha256:4b90b09eeeb9b88c35bc642cbac057e45a5fd85367b985bd2809c62b7b939265",
                "sha256:e0d0eb91441a3b53dab4d9b743eafc1ac44476296a2053b6ca3af0b139faf87b"
            ],
            "version": "==18.1.0"
        },
        "black": {
            "hashes": [
                "sha256:22158b89c1a6b4eb333a1e65e791a3f8b998cf3b11ae094adb2570f31f769a44",
                "sha256:4b475bbd528acce094c503a3d2dbc2d05a4075f6d0ef7d9e7514518e14cc5191"
            ],
            "index": "pypi",
            "version": "==18.6b4"
        },
        "click": {
            "hashes": [
                "sha256:29f99fc6125fbc931b758dc053b3114e55c77a6e4c6c3a2674a2dc986016381d",
                "sha256:f15516df478d5a56180fbf80e68f206010e6d160fc39fa508b65e035fd75130b"
            ],
            "version": "==6.7"
        },
        "toml": {
            "hashes": [
                "sha256:8e86bd6ce8cc11b9620cb637466453d94f5d57ad86f17e98a98d1f73e3baab2d"
            ],
            "version": "==0.9.4"
        }
    }
}
